
Microsoft Visual Studio Solution File, Format Version 12.00
# Visual Studio Version 17
VisualStudioVersion = 17.9.34728.123
MinimumVisualStudioVersion = 10.0.40219.1
Project("{9A19103F-16F7-4668-BE54-9A1E7A4F7556}") = "TurismoGoAPI", "TurismoGoAPI\TurismoGoAPI.csproj", "{D3FA430E-9D6B-4636-AC98-41B6FE7F6B13}"
EndProject
Project("{FAE04EC0-301F-11D3-BF4B-00C04F79EFBC}") = "TurismoGoDOMAIN", "TurismoGoDOMAIN\TurismoGoDOMAIN.csproj", "{21B3856B-2E4C-41FF-9302-AF1017569851}"
EndProject
Global
	GlobalSection(SolutionConfigurationPlatforms) = preSolution
		Debug|Any CPU = Debug|Any CPU
		Release|Any CPU = Release|Any CPU
	EndGlobalSection
	GlobalSection(ProjectConfigurationPlatforms) = postSolution
		{D3FA430E-9D6B-4636-AC98-41B6FE7F6B13}.Debug|Any CPU.ActiveCfg = Debug|Any CPU
		{D3FA430E-9D6B-4636-AC98-41B6FE7F6B13}.Debug|Any CPU.Build.0 = Debug|Any CPU
		{D3FA430E-9D6B-4636-AC98-41B6FE7F6B13}.Release|Any CPU.ActiveCfg = Release|Any CPU
		{D3FA430E-9D6B-4636-AC98-41B6FE7F6B13}.Release|Any CPU.Build.0 = Release|Any CPU
		{21B3856B-2E4C-41FF-9302-AF1017569851}.Debug|Any CPU.ActiveCfg = Debug|Any CPU
		{21B3856B-2E4C-41FF-9302-AF1017569851}.Debug|Any CPU.Build.0 = Debug|Any CPU
		{21B3856B-2E4C-41FF-9302-AF1017569851}.Release|Any CPU.ActiveCfg = Release|Any CPU
		{21B3856B-2E4C-41FF-9302-AF1017569851}.Release|Any CPU.Build.0 = Release|Any CPU
	EndGlobalSection
	GlobalSection(SolutionProperties) = preSolution
		HideSolutionNode = FALSE
	EndGlobalSection
	GlobalSection(ExtensibilityGlobals) = postSolution
		SolutionGuid = {6AD9AEC3-1D0A-4891-8848-E8052564BFAE}
	EndGlobalSection
EndGlobal
